
Microsoft Visual Studio Solution File, Format Version 12.00
# Visual Studio Version 17
VisualStudioVersion = 17.3.32929.385
MinimumVisualStudioVersion = 10.0.40219.1
Project("{9A19103F-16F7-4668-BE54-9A1E7A4F7556}") = "LeetCode.Solutions.Easy.1To500", "LeetCode.Solutions.Easy.1To500\LeetCode.Solutions.Easy.1To500.csproj", "{B7FA6C0E-C0E6-4AFB-8E73-2A39F152D1C2}"
EndProject
Project("{9A19103F-16F7-4668-BE54-9A1E7A4F7556}") = "LeetCode.Solutions.Easy.501To1000", "LeetCode.Solutions.Easy.501To1000\LeetCode.Solutions.Easy.501To1000.csproj", "{7FB097DE-1E1E-42DB-B095-B5ED83247A58}"
EndProject
Project("{9A19103F-16F7-4668-BE54-9A1E7A4F7556}") = "LeetCode.Solutions.Easy.1001To1500", "LeetCode.Solutions.Easy.1001To1500\LeetCode.Solutions.Easy.1001To1500.csproj", "{5985364C-5680-4AC3-9F4E-391B2B2D7764}"
EndProject
Project("{9A19103F-16F7-4668-BE54-9A1E7A4F7556}") = "LeetCode.Tests.Easy.1To500", "LeetCode.Tests.Easy.1To500\LeetCode.Tests.Easy.1To500.csproj", "{C5CEDB66-B576-4C5A-A2B9-B94B4D2310D4}"
EndProject
Project("{9A19103F-16F7-4668-BE54-9A1E7A4F7556}") = "LeetCode.Tests.Easy.501To1000", "LeetCode.Tests.Easy.501To1000\LeetCode.Tests.Easy.501To1000.csproj", "{AE787834-E5D6-40D4-BB36-56A64075C361}"
EndProject
Project("{9A19103F-16F7-4668-BE54-9A1E7A4F7556}") = "LeetCode.Tests.Easy.1001To1500", "LeetCode.Tests.Easy.1001To1500\LeetCode.Tests.Easy.1001To1500.csproj", "{57C43B8D-FC18-415F-9F01-6AE8D942CB32}"
EndProject
Project("{9A19103F-16F7-4668-BE54-9A1E7A4F7556}") = "LeetCode.Models", "LeetCode.Models\LeetCode.Models.csproj", "{5EC6888F-EC1A-4B57-A804-5E1B69561694}"
EndProject
Project("{9A19103F-16F7-4668-BE54-9A1E7A4F7556}") = "LeetCode.Tests.Utility", "LeetCode.Utility\LeetCode.Tests.Utility.csproj", "{4C956CCF-96BD-4522-8A60-93F387187221}"
EndProject
Project("{9A19103F-16F7-4668-BE54-9A1E7A4F7556}") = "LeetCode.Solutions.Hard", "LeetCode.Solutions.Hard\LeetCode.Solutions.Hard.csproj", "{796BA5B0-0156-4854-B0FD-89D7A092FF61}"
EndProject
Project("{9A19103F-16F7-4668-BE54-9A1E7A4F7556}") = "LeetCode.Tests.Hard", "LeetCode.Tests.Hard\LeetCode.Tests.Hard.csproj", "{23BCBD84-D9E7-4F87-9101-0F9ED1D566BB}"
EndProject
Project("{9A19103F-16F7-4668-BE54-9A1E7A4F7556}") = "LeetCode.Solutions.Medium.1To500", "LeetCode.Solutions.Medium.1To500\LeetCode.Solutions.Medium.1To500.csproj", "{4CF9D808-9D9F-4903-919E-E6DD8DC0214A}"
EndProject
Project("{9A19103F-16F7-4668-BE54-9A1E7A4F7556}") = "LeetCode.Solutions.Medium.501To1000", "LeetCode.Solutions.Medium.501To1000\LeetCode.Solutions.Medium.501To1000.csproj", "{BF698633-3AF7-4135-B8C7-9C87CA269C93}"
EndProject
Project("{9A19103F-16F7-4668-BE54-9A1E7A4F7556}") = "LeetCode.Solutions.Medium.1001To1500", "LeetCode.Solutions.Medium.1001To1500\LeetCode.Solutions.Medium.1001To1500.csproj", "{E12F4631-ADC8-4F82-92AD-F4FDB29C76BF}"
EndProject
Project("{9A19103F-16F7-4668-BE54-9A1E7A4F7556}") = "LeetCode.Solutions.Medium.Gt1500", "LeetCode.Solutions.Medium.1501To2000\LeetCode.Solutions.Medium.Gt1500.csproj", "{B79011E3-F392-4E3E-B056-26C9D7CEDC18}"
EndProject
Project("{9A19103F-16F7-4668-BE54-9A1E7A4F7556}") = "LeetCode.Tests.Medium.1To500", "LeetCode.Tests.Medium.1To500\LeetCode.Tests.Medium.1To500.csproj", "{2F595A02-DC04-4AC3-AB9D-BC5C9B5D4896}"
EndProject
Project("{9A19103F-16F7-4668-BE54-9A1E7A4F7556}") = "LeetCode.Tests.Medium.501To1000", "LeetCode.Tests.Medium.501To1000\LeetCode.Tests.Medium.501To1000.csproj", "{3A7D0E69-0A67-4CA6-9AC8-B9AEB7DB2FA0}"
EndProject
Project("{9A19103F-16F7-4668-BE54-9A1E7A4F7556}") = "LeetCode.Tests.Medium.1001To1500", "LeetCode.Tests.Medium.1001To1500\LeetCode.Tests.Medium.1001To1500.csproj", "{A53D5C70-CC5E-4503-8C58-2F30ECA40689}"
EndProject
Project("{9A19103F-16F7-4668-BE54-9A1E7A4F7556}") = "LeetCode.Tests.Medium.Gt1500", "LeetCode.Tests.Medium.1501To2000\LeetCode.Tests.Medium.Gt1500.csproj", "{265A67DF-2696-4712-B97C-3E1A318FA30F}"
EndProject
Project("{9A19103F-16F7-4668-BE54-9A1E7A4F7556}") = "LeetCode.Tests.Easy.Gt1500", "LeetCode.Tests.Easy.Gt1500\LeetCode.Tests.Easy.Gt1500.csproj", "{42C75AB1-C881-41FF-8790-ECF454229BF9}"
EndProject
Project("{9A19103F-16F7-4668-BE54-9A1E7A4F7556}") = "LeetCode.Solutions.Easy.Gt1500", "LeetCode.Solutions.Easy.Gt1500\LeetCode.Solutions.Easy.Gt1500.csproj", "{57D7E063-F47A-492A-B0F4-454E67304A52}"
EndProject
Project("{2150E333-8FDC-42A3-9474-1A3956D46DE8}") = "Solutions", "Solutions", "{24B57F0B-20DA-4F7F-8050-8BF9FBB0D130}"
EndProject
Project("{2150E333-8FDC-42A3-9474-1A3956D46DE8}") = "Tests", "Tests", "{A059A811-B48C-4E0D-B088-6FC6FD17FCE3}"
EndProject
Project("{2150E333-8FDC-42A3-9474-1A3956D46DE8}") = "Easy", "Easy", "{B097B7EC-F2FA-47B6-BC03-2BAC565B8A63}"
EndProject
Project("{2150E333-8FDC-42A3-9474-1A3956D46DE8}") = "Medium", "Medium", "{1788EA08-16D1-4AAA-BCDE-8BF5C2C035A5}"
EndProject
Project("{2150E333-8FDC-42A3-9474-1A3956D46DE8}") = "Hard", "Hard", "{55FE67F9-FF53-494D-86E6-64089423021A}"
EndProject
Project("{2150E333-8FDC-42A3-9474-1A3956D46DE8}") = "Easy", "Easy", "{22C79F96-A738-4E30-9D5E-2F6E5B2D704D}"
EndProject
Project("{2150E333-8FDC-42A3-9474-1A3956D46DE8}") = "Medium", "Medium", "{C02BCBC7-ADD0-461F-A86D-87E82E132F29}"
EndProject
Project("{2150E333-8FDC-42A3-9474-1A3956D46DE8}") = "Hard", "Hard", "{F7A8FF01-F1F9-4C6B-A6C2-39CC2EC403BB}"
EndProject
Global
	GlobalSection(SolutionConfigurationPlatforms) = preSolution
		Debug|Any CPU = Debug|Any CPU
		Release|Any CPU = Release|Any CPU
	EndGlobalSection
	GlobalSection(ProjectConfigurationPlatforms) = postSolution
		{B7FA6C0E-C0E6-4AFB-8E73-2A39F152D1C2}.Debug|Any CPU.ActiveCfg = Debug|Any CPU
		{B7FA6C0E-C0E6-4AFB-8E73-2A39F152D1C2}.Debug|Any CPU.Build.0 = Debug|Any CPU
		{B7FA6C0E-C0E6-4AFB-8E73-2A39F152D1C2}.Release|Any CPU.ActiveCfg = Release|Any CPU
		{B7FA6C0E-C0E6-4AFB-8E73-2A39F152D1C2}.Release|Any CPU.Build.0 = Release|Any CPU
		{7FB097DE-1E1E-42DB-B095-B5ED83247A58}.Debug|Any CPU.ActiveCfg = Debug|Any CPU
		{7FB097DE-1E1E-42DB-B095-B5ED83247A58}.Debug|Any CPU.Build.0 = Debug|Any CPU
		{7FB097DE-1E1E-42DB-B095-B5ED83247A58}.Release|Any CPU.ActiveCfg = Release|Any CPU
		{7FB097DE-1E1E-42DB-B095-B5ED83247A58}.Release|Any CPU.Build.0 = Release|Any CPU
		{5985364C-5680-4AC3-9F4E-391B2B2D7764}.Debug|Any CPU.ActiveCfg = Debug|Any CPU
		{5985364C-5680-4AC3-9F4E-391B2B2D7764}.Debug|Any CPU.Build.0 = Debug|Any CPU
		{5985364C-5680-4AC3-9F4E-391B2B2D7764}.Release|Any CPU.ActiveCfg = Release|Any CPU
		{5985364C-5680-4AC3-9F4E-391B2B2D7764}.Release|Any CPU.Build.0 = Release|Any CPU
		{C5CEDB66-B576-4C5A-A2B9-B94B4D2310D4}.Debug|Any CPU.ActiveCfg = Debug|Any CPU
		{C5CEDB66-B576-4C5A-A2B9-B94B4D2310D4}.Debug|Any CPU.Build.0 = Debug|Any CPU
		{C5CEDB66-B576-4C5A-A2B9-B94B4D2310D4}.Release|Any CPU.ActiveCfg = Release|Any CPU
		{C5CEDB66-B576-4C5A-A2B9-B94B4D2310D4}.Release|Any CPU.Build.0 = Release|Any CPU
		{AE787834-E5D6-40D4-BB36-56A64075C361}.Debug|Any CPU.ActiveCfg = Debug|Any CPU
		{AE787834-E5D6-40D4-BB36-56A64075C361}.Debug|Any CPU.Build.0 = Debug|Any CPU
		{AE787834-E5D6-40D4-BB36-56A64075C361}.Release|Any CPU.ActiveCfg = Release|Any CPU
		{AE787834-E5D6-40D4-BB36-56A64075C361}.Release|Any CPU.Build.0 = Release|Any CPU
		{57C43B8D-FC18-415F-9F01-6AE8D942CB32}.Debug|Any CPU.ActiveCfg = Debug|Any CPU
		{57C43B8D-FC18-415F-9F01-6AE8D942CB32}.Debug|Any CPU.Build.0 = Debug|Any CPU
		{57C43B8D-FC18-415F-9F01-6AE8D942CB32}.Release|Any CPU.ActiveCfg = Release|Any CPU
		{57C43B8D-FC18-415F-9F01-6AE8D942CB32}.Release|Any CPU.Build.0 = Release|Any CPU
		{5EC6888F-EC1A-4B57-A804-5E1B69561694}.Debug|Any CPU.ActiveCfg = Debug|Any CPU
		{5EC6888F-EC1A-4B57-A804-5E1B69561694}.Debug|Any CPU.Build.0 = Debug|Any CPU
		{5EC6888F-EC1A-4B57-A804-5E1B69561694}.Release|Any CPU.ActiveCfg = Release|Any CPU
		{5EC6888F-EC1A-4B57-A804-5E1B69561694}.Release|Any CPU.Build.0 = Release|Any CPU
		{4C956CCF-96BD-4522-8A60-93F387187221}.Debug|Any CPU.ActiveCfg = Debug|Any CPU
		{4C956CCF-96BD-4522-8A60-93F387187221}.Debug|Any CPU.Build.0 = Debug|Any CPU
		{4C956CCF-96BD-4522-8A60-93F387187221}.Release|Any CPU.ActiveCfg = Release|Any CPU
		{4C956CCF-96BD-4522-8A60-93F387187221}.Release|Any CPU.Build.0 = Release|Any CPU
		{796BA5B0-0156-4854-B0FD-89D7A092FF61}.Debug|Any CPU.ActiveCfg = Debug|Any CPU
		{796BA5B0-0156-4854-B0FD-89D7A092FF61}.Debug|Any CPU.Build.0 = Debug|Any CPU
		{796BA5B0-0156-4854-B0FD-89D7A092FF61}.Release|Any CPU.ActiveCfg = Release|Any CPU
		{796BA5B0-0156-4854-B0FD-89D7A092FF61}.Release|Any CPU.Build.0 = Release|Any CPU
		{23BCBD84-D9E7-4F87-9101-0F9ED1D566BB}.Debug|Any CPU.ActiveCfg = Debug|Any CPU
		{23BCBD84-D9E7-4F87-9101-0F9ED1D566BB}.Debug|Any CPU.Build.0 = Debug|Any CPU
		{23BCBD84-D9E7-4F87-9101-0F9ED1D566BB}.Release|Any CPU.ActiveCfg = Release|Any CPU
		{23BCBD84-D9E7-4F87-9101-0F9ED1D566BB}.Release|Any CPU.Build.0 = Release|Any CPU
		{4CF9D808-9D9F-4903-919E-E6DD8DC0214A}.Debug|Any CPU.ActiveCfg = Debug|Any CPU
		{4CF9D808-9D9F-4903-919E-E6DD8DC0214A}.Debug|Any CPU.Build.0 = Debug|Any CPU
		{4CF9D808-9D9F-4903-919E-E6DD8DC0214A}.Release|Any CPU.ActiveCfg = Release|Any CPU
		{4CF9D808-9D9F-4903-919E-E6DD8DC0214A}.Release|Any CPU.Build.0 = Release|Any CPU
		{BF698633-3AF7-4135-B8C7-9C87CA269C93}.Debug|Any CPU.ActiveCfg = Debug|Any CPU
		{BF698633-3AF7-4135-B8C7-9C87CA269C93}.Debug|Any CPU.Build.0 = Debug|Any CPU
		{BF698633-3AF7-4135-B8C7-9C87CA269C93}.Release|Any CPU.ActiveCfg = Release|Any CPU
		{BF698633-3AF7-4135-B8C7-9C87CA269C93}.Release|Any CPU.Build.0 = Release|Any CPU
		{E12F4631-ADC8-4F82-92AD-F4FDB29C76BF}.Debug|Any CPU.ActiveCfg = Debug|Any CPU
		{E12F4631-ADC8-4F82-92AD-F4FDB29C76BF}.Debug|Any CPU.Build.0 = Debug|Any CPU
		{E12F4631-ADC8-4F82-92AD-F4FDB29C76BF}.Release|Any CPU.ActiveCfg = Release|Any CPU
		{E12F4631-ADC8-4F82-92AD-F4FDB29C76BF}.Release|Any CPU.Build.0 = Release|Any CPU
		{B79011E3-F392-4E3E-B056-26C9D7CEDC18}.Debug|Any CPU.ActiveCfg = Debug|Any CPU
		{B79011E3-F392-4E3E-B056-26C9D7CEDC18}.Debug|Any CPU.Build.0 = Debug|Any CPU
		{B79011E3-F392-4E3E-B056-26C9D7CEDC18}.Release|Any CPU.ActiveCfg = Release|Any CPU
		{B79011E3-F392-4E3E-B056-26C9D7CEDC18}.Release|Any CPU.Build.0 = Release|Any CPU
		{2F595A02-DC04-4AC3-AB9D-BC5C9B5D4896}.Debug|Any CPU.ActiveCfg = Debug|Any CPU
		{2F595A02-DC04-4AC3-AB9D-BC5C9B5D4896}.Debug|Any CPU.Build.0 = Debug|Any CPU
		{2F595A02-DC04-4AC3-AB9D-BC5C9B5D4896}.Release|Any CPU.ActiveCfg = Release|Any CPU
		{2F595A02-DC04-4AC3-AB9D-BC5C9B5D4896}.Release|Any CPU.Build.0 = Release|Any CPU
		{3A7D0E69-0A67-4CA6-9AC8-B9AEB7DB2FA0}.Debug|Any CPU.ActiveCfg = Debug|Any CPU
		{3A7D0E69-0A67-4CA6-9AC8-B9AEB7DB2FA0}.Debug|Any CPU.Build.0 = Debug|Any CPU
		{3A7D0E69-0A67-4CA6-9AC8-B9AEB7DB2FA0}.Release|Any CPU.ActiveCfg = Release|Any CPU
		{3A7D0E69-0A67-4CA6-9AC8-B9AEB7DB2FA0}.Release|Any CPU.Build.0 = Release|Any CPU
		{A53D5C70-CC5E-4503-8C58-2F30ECA40689}.Debug|Any CPU.ActiveCfg = Debug|Any CPU
		{A53D5C70-CC5E-4503-8C58-2F30ECA40689}.Debug|Any CPU.Build.0 = Debug|Any CPU
		{A53D5C70-CC5E-4503-8C58-2F30ECA40689}.Release|Any CPU.ActiveCfg = Release|Any CPU
		{A53D5C70-CC5E-4503-8C58-2F30ECA40689}.Release|Any CPU.Build.0 = Release|Any CPU
		{265A67DF-2696-4712-B97C-3E1A318FA30F}.Debug|Any CPU.ActiveCfg = Debug|Any CPU
		{265A67DF-2696-4712-B97C-3E1A318FA30F}.Debug|Any CPU.Build.0 = Debug|Any CPU
		{265A67DF-2696-4712-B97C-3E1A318FA30F}.Release|Any CPU.ActiveCfg = Release|Any CPU
		{265A67DF-2696-4712-B97C-3E1A318FA30F}.Release|Any CPU.Build.0 = Release|Any CPU
		{42C75AB1-C881-41FF-8790-ECF454229BF9}.Debug|Any CPU.ActiveCfg = Debug|Any CPU
		{42C75AB1-C881-41FF-8790-ECF454229BF9}.Debug|Any CPU.Build.0 = Debug|Any CPU
		{42C75AB1-C881-41FF-8790-ECF454229BF9}.Release|Any CPU.ActiveCfg = Release|Any CPU
		{42C75AB1-C881-41FF-8790-ECF454229BF9}.Release|Any CPU.Build.0 = Release|Any CPU
		{57D7E063-F47A-492A-B0F4-454E67304A52}.Debug|Any CPU.ActiveCfg = Debug|Any CPU
		{57D7E063-F47A-492A-B0F4-454E67304A52}.Debug|Any CPU.Build.0 = Debug|Any CPU
		{57D7E063-F47A-492A-B0F4-454E67304A52}.Release|Any CPU.ActiveCfg = Release|Any CPU
		{57D7E063-F47A-492A-B0F4-454E67304A52}.Release|Any CPU.Build.0 = Release|Any CPU
	EndGlobalSection
	GlobalSection(SolutionProperties) = preSolution
		HideSolutionNode = FALSE
	EndGlobalSection
	GlobalSection(NestedProjects) = preSolution
		{B7FA6C0E-C0E6-4AFB-8E73-2A39F152D1C2} = {B097B7EC-F2FA-47B6-BC03-2BAC565B8A63}
		{7FB097DE-1E1E-42DB-B095-B5ED83247A58} = {B097B7EC-F2FA-47B6-BC03-2BAC565B8A63}
		{5985364C-5680-4AC3-9F4E-391B2B2D7764} = {B097B7EC-F2FA-47B6-BC03-2BAC565B8A63}
		{C5CEDB66-B576-4C5A-A2B9-B94B4D2310D4} = {22C79F96-A738-4E30-9D5E-2F6E5B2D704D}
		{AE787834-E5D6-40D4-BB36-56A64075C361} = {22C79F96-A738-4E30-9D5E-2F6E5B2D704D}
		{57C43B8D-FC18-415F-9F01-6AE8D942CB32} = {22C79F96-A738-4E30-9D5E-2F6E5B2D704D}
		{4C956CCF-96BD-4522-8A60-93F387187221} = {A059A811-B48C-4E0D-B088-6FC6FD17FCE3}
		{796BA5B0-0156-4854-B0FD-89D7A092FF61} = {55FE67F9-FF53-494D-86E6-64089423021A}
		{23BCBD84-D9E7-4F87-9101-0F9ED1D566BB} = {F7A8FF01-F1F9-4C6B-A6C2-39CC2EC403BB}
		{4CF9D808-9D9F-4903-919E-E6DD8DC0214A} = {1788EA08-16D1-4AAA-BCDE-8BF5C2C035A5}
		{BF698633-3AF7-4135-B8C7-9C87CA269C93} = {1788EA08-16D1-4AAA-BCDE-8BF5C2C035A5}
		{E12F4631-ADC8-4F82-92AD-F4FDB29C76BF} = {1788EA08-16D1-4AAA-BCDE-8BF5C2C035A5}
		{B79011E3-F392-4E3E-B056-26C9D7CEDC18} = {1788EA08-16D1-4AAA-BCDE-8BF5C2C035A5}
		{2F595A02-DC04-4AC3-AB9D-BC5C9B5D4896} = {C02BCBC7-ADD0-461F-A86D-87E82E132F29}
		{3A7D0E69-0A67-4CA6-9AC8-B9AEB7DB2FA0} = {C02BCBC7-ADD0-461F-A86D-87E82E132F29}
		{A53D5C70-CC5E-4503-8C58-2F30ECA40689} = {C02BCBC7-ADD0-461F-A86D-87E82E132F29}
		{265A67DF-2696-4712-B97C-3E1A318FA30F} = {C02BCBC7-ADD0-461F-A86D-87E82E132F29}
		{42C75AB1-C881-41FF-8790-ECF454229BF9} = {22C79F96-A738-4E30-9D5E-2F6E5B2D704D}
		{57D7E063-F47A-492A-B0F4-454E67304A52} = {B097B7EC-F2FA-47B6-BC03-2BAC565B8A63}
		{B097B7EC-F2FA-47B6-BC03-2BAC565B8A63} = {24B57F0B-20DA-4F7F-8050-8BF9FBB0D130}
		{1788EA08-16D1-4AAA-BCDE-8BF5C2C035A5} = {24B57F0B-20DA-4F7F-8050-8BF9FBB0D130}
		{55FE67F9-FF53-494D-86E6-64089423021A} = {24B57F0B-20DA-4F7F-8050-8BF9FBB0D130}
		{22C79F96-A738-4E30-9D5E-2F6E5B2D704D} = {A059A811-B48C-4E0D-B088-6FC6FD17FCE3}
		{C02BCBC7-ADD0-461F-A86D-87E82E132F29} = {A059A811-B48C-4E0D-B088-6FC6FD17FCE3}
		{F7A8FF01-F1F9-4C6B-A6C2-39CC2EC403BB} = {A059A811-B48C-4E0D-B088-6FC6FD17FCE3}
	EndGlobalSection
	GlobalSection(ExtensibilityGlobals) = postSolution
		SolutionGuid = {04E2CCCD-C4D2-454C-8610-82914FFDF938}
	EndGlobalSection
EndGlobal
