
Microsoft Visual Studio Solution File, Format Version 12.00
# Visual Studio Version 17
VisualStudioVersion = 17.3.32929.385
MinimumVisualStudioVersion = 10.0.40219.1
Project("{FAE04EC0-301F-11D3-BF4B-00C04F79EFBC}") = "LeetCode.Solutions.Easy.1To500", "LeetCode.Solutions.Easy.1To500\LeetCode.Solutions.Easy.1To500.csproj", "{B7FA6C0E-C0E6-4AFB-8E73-2A39F152D1C2}"
EndProject
Project("{FAE04EC0-301F-11D3-BF4B-00C04F79EFBC}") = "LeetCode.Solutions.Easy.501To1000", "LeetCode.Solutions.Easy.501To1000\LeetCode.Solutions.Easy.501To1000.csproj", "{7FB097DE-1E1E-42DB-B095-B5ED83247A58}"
EndProject
Project("{FAE04EC0-301F-11D3-BF4B-00C04F79EFBC}") = "LeetCode.Solutions.Easy.1001To1500", "LeetCode.Solutions.Easy.1001To1500\LeetCode.Solutions.Easy.1001To1500.csproj", "{5985364C-5680-4AC3-9F4E-391B2B2D7764}"
EndProject
Project("{FAE04EC0-301F-11D3-BF4B-00C04F79EFBC}") = "LeetCode.Tests.Easy.1To500", "LeetCode.Tests.Easy.1To500\LeetCode.Tests.Easy.1To500.csproj", "{C5CEDB66-B576-4C5A-A2B9-B94B4D2310D4}"
EndProject
Project("{FAE04EC0-301F-11D3-BF4B-00C04F79EFBC}") = "LeetCode.Tests.Easy.501To1000", "LeetCode.Tests.Easy.501To1000\LeetCode.Tests.Easy.501To1000.csproj", "{AE787834-E5D6-40D4-BB36-56A64075C361}"
EndProject
Project("{FAE04EC0-301F-11D3-BF4B-00C04F79EFBC}") = "LeetCode.Tests.Easy.1001To1500", "LeetCode.Tests.Easy.1001To1500\LeetCode.Tests.Easy.1001To1500.csproj", "{57C43B8D-FC18-415F-9F01-6AE8D942CB32}"
EndProject
Project("{FAE04EC0-301F-11D3-BF4B-00C04F79EFBC}") = "LeetCode.Models", "LeetCode.Models\LeetCode.Models.csproj", "{5EC6888F-EC1A-4B57-A804-5E1B69561694}"
EndProject
Project("{FAE04EC0-301F-11D3-BF4B-00C04F79EFBC}") = "LeetCode.Tests.Utility", "LeetCode.Utility\LeetCode.Tests.Utility.csproj", "{4C956CCF-96BD-4522-8A60-93F387187221}"
EndProject
Project("{FAE04EC0-301F-11D3-BF4B-00C04F79EFBC}") = "LeetCode.Solutions.Hard", "LeetCode.Solutions.Hard\LeetCode.Solutions.Hard.csproj", "{796BA5B0-0156-4854-B0FD-89D7A092FF61}"
EndProject
Project("{FAE04EC0-301F-11D3-BF4B-00C04F79EFBC}") = "LeetCode.Tests.Hard", "LeetCode.Tests.Hard\LeetCode.Tests.Hard.csproj", "{23BCBD84-D9E7-4F87-9101-0F9ED1D566BB}"
EndProject
Project("{FAE04EC0-301F-11D3-BF4B-00C04F79EFBC}") = "LeetCode.Solutions.Medium.1To500", "LeetCode.Solutions.Medium.1To500\LeetCode.Solutions.Medium.1To500.csproj", "{4CF9D808-9D9F-4903-919E-E6DD8DC0214A}"
EndProject
Project("{FAE04EC0-301F-11D3-BF4B-00C04F79EFBC}") = "LeetCode.Solutions.Medium.501To1000", "LeetCode.Solutions.Medium.501To1000\LeetCode.Solutions.Medium.501To1000.csproj", "{BF698633-3AF7-4135-B8C7-9C87CA269C93}"
EndProject
Project("{FAE04EC0-301F-11D3-BF4B-00C04F79EFBC}") = "LeetCode.Solutions.Medium.1001To1500", "LeetCode.Solutions.Medium.1001To1500\LeetCode.Solutions.Medium.1001To1500.csproj", "{E12F4631-ADC8-4F82-92AD-F4FDB29C76BF}"
EndProject
Project("{FAE04EC0-301F-11D3-BF4B-00C04F79EFBC}") = "LeetCode.Solutions.Medium.Gt1500", "LeetCode.Solutions.Medium.1501To2000\LeetCode.Solutions.Medium.Gt1500.csproj", "{B79011E3-F392-4E3E-B056-26C9D7CEDC18}"
EndProject
Project("{FAE04EC0-301F-11D3-BF4B-00C04F79EFBC}") = "LeetCode.Tests.Medium.1To500", "LeetCode.Tests.Medium.1To500\LeetCode.Tests.Medium.1To500.csproj", "{2F595A02-DC04-4AC3-AB9D-BC5C9B5D4896}"
EndProject
Project("{FAE04EC0-301F-11D3-BF4B-00C04F79EFBC}") = "LeetCode.Tests.Medium.501To1000", "LeetCode.Tests.Medium.501To1000\LeetCode.Tests.Medium.501To1000.csproj", "{3A7D0E69-0A67-4CA6-9AC8-B9AEB7DB2FA0}"
EndProject
Project("{FAE04EC0-301F-11D3-BF4B-00C04F79EFBC}") = "LeetCode.Tests.Medium.1001To1500", "LeetCode.Tests.Medium.1001To1500\LeetCode.Tests.Medium.1001To1500.csproj", "{A53D5C70-CC5E-4503-8C58-2F30ECA40689}"
EndProject
Project("{FAE04EC0-301F-11D3-BF4B-00C04F79EFBC}") = "LeetCode.Tests.Medium.Gt1500", "LeetCode.Tests.Medium.1501To2000\LeetCode.Tests.Medium.Gt1500.csproj", "{265A67DF-2696-4712-B97C-3E1A318FA30F}"
EndProject
Project("{FAE04EC0-301F-11D3-BF4B-00C04F79EFBC}") = "LeetCode.Tests.Easy.Gt1500", "LeetCode.Tests.Easy.Gt1500\LeetCode.Tests.Easy.Gt1500.csproj", "{42C75AB1-C881-41FF-8790-ECF454229BF9}"
EndProject
Project("{FAE04EC0-301F-11D3-BF4B-00C04F79EFBC}") = "LeetCode.Solutions.Easy.Gt1500", "LeetCode.Solutions.Easy.Gt1500\LeetCode.Solutions.Easy.Gt1500.csproj", "{57D7E063-F47A-492A-B0F4-454E67304A52}"
EndProject
Global
	GlobalSection(SolutionConfigurationPlatforms) = preSolution
		Debug|Any CPU = Debug|Any CPU
		Release|Any CPU = Release|Any CPU
	EndGlobalSection
	GlobalSection(ProjectConfigurationPlatforms) = postSolution
		{B7FA6C0E-C0E6-4AFB-8E73-2A39F152D1C2}.Debug|Any CPU.ActiveCfg = Debug|Any CPU
		{B7FA6C0E-C0E6-4AFB-8E73-2A39F152D1C2}.Debug|Any CPU.Build.0 = Debug|Any CPU
		{B7FA6C0E-C0E6-4AFB-8E73-2A39F152D1C2}.Release|Any CPU.ActiveCfg = Release|Any CPU
		{B7FA6C0E-C0E6-4AFB-8E73-2A39F152D1C2}.Release|Any CPU.Build.0 = Release|Any CPU
		{7FB097DE-1E1E-42DB-B095-B5ED83247A58}.Debug|Any CPU.ActiveCfg = Debug|Any CPU
		{7FB097DE-1E1E-42DB-B095-B5ED83247A58}.Debug|Any CPU.Build.0 = Debug|Any CPU
		{7FB097DE-1E1E-42DB-B095-B5ED83247A58}.Release|Any CPU.ActiveCfg = Release|Any CPU
		{7FB097DE-1E1E-42DB-B095-B5ED83247A58}.Release|Any CPU.Build.0 = Release|Any CPU
		{5985364C-5680-4AC3-9F4E-391B2B2D7764}.Debug|Any CPU.ActiveCfg = Debug|Any CPU
		{5985364C-5680-4AC3-9F4E-391B2B2D7764}.Debug|Any CPU.Build.0 = Debug|Any CPU
		{5985364C-5680-4AC3-9F4E-391B2B2D7764}.Release|Any CPU.ActiveCfg = Release|Any CPU
		{5985364C-5680-4AC3-9F4E-391B2B2D7764}.Release|Any CPU.Build.0 = Release|Any CPU
		{C5CEDB66-B576-4C5A-A2B9-B94B4D2310D4}.Debug|Any CPU.ActiveCfg = Debug|Any CPU
		{C5CEDB66-B576-4C5A-A2B9-B94B4D2310D4}.Debug|Any CPU.Build.0 = Debug|Any CPU
		{C5CEDB66-B576-4C5A-A2B9-B94B4D2310D4}.Release|Any CPU.ActiveCfg = Release|Any CPU
		{C5CEDB66-B576-4C5A-A2B9-B94B4D2310D4}.Release|Any CPU.Build.0 = Release|Any CPU
		{AE787834-E5D6-40D4-BB36-56A64075C361}.Debug|Any CPU.ActiveCfg = Debug|Any CPU
		{AE787834-E5D6-40D4-BB36-56A64075C361}.Debug|Any CPU.Build.0 = Debug|Any CPU
		{AE787834-E5D6-40D4-BB36-56A64075C361}.Release|Any CPU.ActiveCfg = Release|Any CPU
		{AE787834-E5D6-40D4-BB36-56A64075C361}.Release|Any CPU.Build.0 = Release|Any CPU
		{57C43B8D-FC18-415F-9F01-6AE8D942CB32}.Debug|Any CPU.ActiveCfg = Debug|Any CPU
		{57C43B8D-FC18-415F-9F01-6AE8D942CB32}.Debug|Any CPU.Build.0 = Debug|Any CPU
		{57C43B8D-FC18-415F-9F01-6AE8D942CB32}.Release|Any CPU.ActiveCfg = Release|Any CPU
		{57C43B8D-FC18-415F-9F01-6AE8D942CB32}.Release|Any CPU.Build.0 = Release|Any CPU
		{5EC6888F-EC1A-4B57-A804-5E1B69561694}.Debug|Any CPU.ActiveCfg = Debug|Any CPU
		{5EC6888F-EC1A-4B57-A804-5E1B69561694}.Debug|Any CPU.Build.0 = Debug|Any CPU
		{5EC6888F-EC1A-4B57-A804-5E1B69561694}.Release|Any CPU.ActiveCfg = Release|Any CPU
		{5EC6888F-EC1A-4B57-A804-5E1B69561694}.Release|Any CPU.Build.0 = Release|Any CPU
		{4C956CCF-96BD-4522-8A60-93F387187221}.Debug|Any CPU.ActiveCfg = Debug|Any CPU
		{4C956CCF-96BD-4522-8A60-93F387187221}.Debug|Any CPU.Build.0 = Debug|Any CPU
		{4C956CCF-96BD-4522-8A60-93F387187221}.Release|Any CPU.ActiveCfg = Release|Any CPU
		{4C956CCF-96BD-4522-8A60-93F387187221}.Release|Any CPU.Build.0 = Release|Any CPU
		{796BA5B0-0156-4854-B0FD-89D7A092FF61}.Debug|Any CPU.ActiveCfg = Debug|Any CPU
		{796BA5B0-0156-4854-B0FD-89D7A092FF61}.Debug|Any CPU.Build.0 = Debug|Any CPU
		{796BA5B0-0156-4854-B0FD-89D7A092FF61}.Release|Any CPU.ActiveCfg = Release|Any CPU
		{796BA5B0-0156-4854-B0FD-89D7A092FF61}.Release|Any CPU.Build.0 = Release|Any CPU
		{23BCBD84-D9E7-4F87-9101-0F9ED1D566BB}.Debug|Any CPU.ActiveCfg = Debug|Any CPU
		{23BCBD84-D9E7-4F87-9101-0F9ED1D566BB}.Debug|Any CPU.Build.0 = Debug|Any CPU
		{23BCBD84-D9E7-4F87-9101-0F9ED1D566BB}.Release|Any CPU.ActiveCfg = Release|Any CPU
		{23BCBD84-D9E7-4F87-9101-0F9ED1D566BB}.Release|Any CPU.Build.0 = Release|Any CPU
		{4CF9D808-9D9F-4903-919E-E6DD8DC0214A}.Debug|Any CPU.ActiveCfg = Debug|Any CPU
		{4CF9D808-9D9F-4903-919E-E6DD8DC0214A}.Debug|Any CPU.Build.0 = Debug|Any CPU
		{4CF9D808-9D9F-4903-919E-E6DD8DC0214A}.Release|Any CPU.ActiveCfg = Release|Any CPU
		{4CF9D808-9D9F-4903-919E-E6DD8DC0214A}.Release|Any CPU.Build.0 = Release|Any CPU
		{BF698633-3AF7-4135-B8C7-9C87CA269C93}.Debug|Any CPU.ActiveCfg = Debug|Any CPU
		{BF698633-3AF7-4135-B8C7-9C87CA269C93}.Debug|Any CPU.Build.0 = Debug|Any CPU
		{BF698633-3AF7-4135-B8C7-9C87CA269C93}.Release|Any CPU.ActiveCfg = Release|Any CPU
		{BF698633-3AF7-4135-B8C7-9C87CA269C93}.Release|Any CPU.Build.0 = Release|Any CPU
		{E12F4631-ADC8-4F82-92AD-F4FDB29C76BF}.Debug|Any CPU.ActiveCfg = Debug|Any CPU
		{E12F4631-ADC8-4F82-92AD-F4FDB29C76BF}.Debug|Any CPU.Build.0 = Debug|Any CPU
		{E12F4631-ADC8-4F82-92AD-F4FDB29C76BF}.Release|Any CPU.ActiveCfg = Release|Any CPU
		{E12F4631-ADC8-4F82-92AD-F4FDB29C76BF}.Release|Any CPU.Build.0 = Release|Any CPU
		{B79011E3-F392-4E3E-B056-26C9D7CEDC18}.Debug|Any CPU.ActiveCfg = Debug|Any CPU
		{B79011E3-F392-4E3E-B056-26C9D7CEDC18}.Debug|Any CPU.Build.0 = Debug|Any CPU
		{B79011E3-F392-4E3E-B056-26C9D7CEDC18}.Release|Any CPU.ActiveCfg = Release|Any CPU
		{B79011E3-F392-4E3E-B056-26C9D7CEDC18}.Release|Any CPU.Build.0 = Release|Any CPU
		{2F595A02-DC04-4AC3-AB9D-BC5C9B5D4896}.Debug|Any CPU.ActiveCfg = Debug|Any CPU
		{2F595A02-DC04-4AC3-AB9D-BC5C9B5D4896}.Debug|Any CPU.Build.0 = Debug|Any CPU
		{2F595A02-DC04-4AC3-AB9D-BC5C9B5D4896}.Release|Any CPU.ActiveCfg = Release|Any CPU
		{2F595A02-DC04-4AC3-AB9D-BC5C9B5D4896}.Release|Any CPU.Build.0 = Release|Any CPU
		{3A7D0E69-0A67-4CA6-9AC8-B9AEB7DB2FA0}.Debug|Any CPU.ActiveCfg = Debug|Any CPU
		{3A7D0E69-0A67-4CA6-9AC8-B9AEB7DB2FA0}.Debug|Any CPU.Build.0 = Debug|Any CPU
		{3A7D0E69-0A67-4CA6-9AC8-B9AEB7DB2FA0}.Release|Any CPU.ActiveCfg = Release|Any CPU
		{3A7D0E69-0A67-4CA6-9AC8-B9AEB7DB2FA0}.Release|Any CPU.Build.0 = Release|Any CPU
		{A53D5C70-CC5E-4503-8C58-2F30ECA40689}.Debug|Any CPU.ActiveCfg = Debug|Any CPU
		{A53D5C70-CC5E-4503-8C58-2F30ECA40689}.Debug|Any CPU.Build.0 = Debug|Any CPU
		{A53D5C70-CC5E-4503-8C58-2F30ECA40689}.Release|Any CPU.ActiveCfg = Release|Any CPU
		{A53D5C70-CC5E-4503-8C58-2F30ECA40689}.Release|Any CPU.Build.0 = Release|Any CPU
		{265A67DF-2696-4712-B97C-3E1A318FA30F}.Debug|Any CPU.ActiveCfg = Debug|Any CPU
		{265A67DF-2696-4712-B97C-3E1A318FA30F}.Debug|Any CPU.Build.0 = Debug|Any CPU
		{265A67DF-2696-4712-B97C-3E1A318FA30F}.Release|Any CPU.ActiveCfg = Release|Any CPU
		{265A67DF-2696-4712-B97C-3E1A318FA30F}.Release|Any CPU.Build.0 = Release|Any CPU
		{42C75AB1-C881-41FF-8790-ECF454229BF9}.Debug|Any CPU.ActiveCfg = Debug|Any CPU
		{42C75AB1-C881-41FF-8790-ECF454229BF9}.Debug|Any CPU.Build.0 = Debug|Any CPU
		{42C75AB1-C881-41FF-8790-ECF454229BF9}.Release|Any CPU.ActiveCfg = Release|Any CPU
		{42C75AB1-C881-41FF-8790-ECF454229BF9}.Release|Any CPU.Build.0 = Release|Any CPU
		{57D7E063-F47A-492A-B0F4-454E67304A52}.Debug|Any CPU.ActiveCfg = Debug|Any CPU
		{57D7E063-F47A-492A-B0F4-454E67304A52}.Debug|Any CPU.Build.0 = Debug|Any CPU
		{57D7E063-F47A-492A-B0F4-454E67304A52}.Release|Any CPU.ActiveCfg = Release|Any CPU
		{57D7E063-F47A-492A-B0F4-454E67304A52}.Release|Any CPU.Build.0 = Release|Any CPU
	EndGlobalSection
	GlobalSection(SolutionProperties) = preSolution
		HideSolutionNode = FALSE
	EndGlobalSection
	GlobalSection(ExtensibilityGlobals) = postSolution
		SolutionGuid = {04E2CCCD-C4D2-454C-8610-82914FFDF938}
	EndGlobalSection
EndGlobal
